// !$*UTF8*$!
{
	archiveVersion = 1;
	classes = {
	};
	objectVersion = 54;
	objects = {

/* Begin PBXBuildFile section */
		2672358A154A405ADB862B90 /* Pods_AgainProject.framework in Frameworks */ = {isa = PBXBuildFile; fileRef = 2231D1E71E2BE16249268B5E /* Pods_AgainProject.framework */; };
		F0CB64AB274B8D0100B2BB50 /* AppDelegate.swift in Sources */ = {isa = PBXBuildFile; fileRef = F0CB64AA274B8D0100B2BB50 /* AppDelegate.swift */; };
		F0CB64AD274B8D0100B2BB50 /* SceneDelegate.swift in Sources */ = {isa = PBXBuildFile; fileRef = F0CB64AC274B8D0100B2BB50 /* SceneDelegate.swift */; };
		F0CB64AF274B8D0100B2BB50 /* ViewController.swift in Sources */ = {isa = PBXBuildFile; fileRef = F0CB64AE274B8D0100B2BB50 /* ViewController.swift */; };
		F0CB64B2274B8D0100B2BB50 /* Main.storyboard in Resources */ = {isa = PBXBuildFile; fileRef = F0CB64B0274B8D0100B2BB50 /* Main.storyboard */; };
		F0CB64B4274B8D0200B2BB50 /* Assets.xcassets in Resources */ = {isa = PBXBuildFile; fileRef = F0CB64B3274B8D0200B2BB50 /* Assets.xcassets */; };
		F0CB64B7274B8D0200B2BB50 /* LaunchScreen.storyboard in Resources */ = {isa = PBXBuildFile; fileRef = F0CB64B5274B8D0200B2BB50 /* LaunchScreen.storyboard */; };
/* End PBXBuildFile section */

/* Begin PBXFileReference section */
		2231D1E71E2BE16249268B5E /* Pods_AgainProject.framework */ = {isa = PBXFileReference; explicitFileType = wrapper.framework; includeInIndex = 0; path = Pods_AgainProject.framework; sourceTree = BUILT_PRODUCTS_DIR; };
		8AEF966238877D59C4DA8995 /* Pods-AgainProject.release.xcconfig */ = {isa = PBXFileReference; includeInIndex = 1; lastKnownFileType = text.xcconfig; name = "Pods-AgainProject.release.xcconfig"; path = "Target Support Files/Pods-AgainProject/Pods-AgainProject.release.xcconfig"; sourceTree = "<group>"; };
		B88FA5E3EF83B106EA1ED2E7 /* Pods-AgainProject.debug.xcconfig */ = {isa = PBXFileReference; includeInIndex = 1; lastKnownFileType = text.xcconfig; name = "Pods-AgainProject.debug.xcconfig"; path = "Target Support Files/Pods-AgainProject/Pods-AgainProject.debug.xcconfig"; sourceTree = "<group>"; };
		F0CB64A7274B8D0100B2BB50 /* AgainProject.app */ = {isa = PBXFileReference; explicitFileType = wrapper.application; includeInIndex = 0; path = AgainProject.app; sourceTree = BUILT_PRODUCTS_DIR; };
		F0CB64AA274B8D0100B2BB50 /* AppDelegate.swift */ = {isa = PBXFileReference; lastKnownFileType = sourcecode.swift; path = AppDelegate.swift; sourceTree = "<group>"; };
		F0CB64AC274B8D0100B2BB50 /* SceneDelegate.swift */ = {isa = PBXFileReference; lastKnownFileType = sourcecode.swift; path = SceneDelegate.swift; sourceTree = "<group>"; };
		F0CB64AE274B8D0100B2BB50 /* ViewController.swift */ = {isa = PBXFileReference; lastKnownFileType = sourcecode.swift; path = ViewController.swift; sourceTree = "<group>"; };
		F0CB64B1274B8D0100B2BB50 /* Base */ = {isa = PBXFileReference; lastKnownFileType = file.storyboard; name = Base; path = Base.lproj/Main.storyboard; sourceTree = "<group>"; };
		F0CB64B3274B8D0200B2BB50 /* Assets.xcassets */ = {isa = PBXFileReference; lastKnownFileType = folder.assetcatalog; path = Assets.xcassets; sourceTree = "<group>"; };
		F0CB64B6274B8D0200B2BB50 /* Base */ = {isa = PBXFileReference; lastKnownFileType = file.storyboard; name = Base; path = Base.lproj/LaunchScreen.storyboard; sourceTree = "<group>"; };
		F0CB64B8274B8D0200B2BB50 /* Info.plist */ = {isa = PBXFileReference; lastKnownFileType = text.plist.xml; path = Info.plist; sourceTree = "<group>"; };
/* End PBXFileReference section */

/* Begin PBXFrameworksBuildPhase section */
		F0CB64A4274B8D0100B2BB50 /* Frameworks */ = {
			isa = PBXFrameworksBuildPhase;
			buildActionMask = 2147483647;
			files = (
				2672358A154A405ADB862B90 /* Pods_AgainProject.framework in Frameworks */,
			);
			runOnlyForDeploymentPostprocessing = 0;
		};
/* End PBXFrameworksBuildPhase section */

/* Begin PBXGroup section */
		312C376153F91EDF78B6D0B6 /* Frameworks */ = {
			isa = PBXGroup;
			children = (
				2231D1E71E2BE16249268B5E /* Pods_AgainProject.framework */,
			);
			name = Frameworks;
			sourceTree = "<group>";
		};
		6609FA2370E8FE79847D20DA /* Pods */ = {
			isa = PBXGroup;
			children = (
				B88FA5E3EF83B106EA1ED2E7 /* Pods-AgainProject.debug.xcconfig */,
				8AEF966238877D59C4DA8995 /* Pods-AgainProject.release.xcconfig */,
			);
			name = Pods;
			path = Pods;
			sourceTree = "<group>";
		};
		F0CB649E274B8D0100B2BB50 = {
			isa = PBXGroup;
			children = (
				F0CB64A9274B8D0100B2BB50 /* AgainProject */,
				F0CB64A8274B8D0100B2BB50 /* Products */,
				6609FA2370E8FE79847D20DA /* Pods */,
				312C376153F91EDF78B6D0B6 /* Frameworks */,
			);
			sourceTree = "<group>";
		};
		F0CB64A8274B8D0100B2BB50 /* Products */ = {
			isa = PBXGroup;
			children = (
				F0CB64A7274B8D0100B2BB50 /* AgainProject.app */,
			);
			name = Products;
			sourceTree = "<group>";
		};
		F0CB64A9274B8D0100B2BB50 /* AgainProject */ = {
			isa = PBXGroup;
			children = (
				F0CB64AA274B8D0100B2BB50 /* AppDelegate.swift */,
				F0CB64AC274B8D0100B2BB50 /* SceneDelegate.swift */,
				F0CB64AE274B8D0100B2BB50 /* ViewController.swift */,
				F0CB64B0274B8D0100B2BB50 /* Main.storyboard */,
				F0CB64B3274B8D0200B2BB50 /* Assets.xcassets */,
				F0CB64B5274B8D0200B2BB50 /* LaunchScreen.storyboard */,
				F0CB64B8274B8D0200B2BB50 /* Info.plist */,
			);
			path = AgainProject;
			sourceTree = "<group>";
		};
/* End PBXGroup section */

/* Begin PBXNativeTarget section */
		F0CB64A6274B8D0100B2BB50 /* AgainProject */ = {
			isa = PBXNativeTarget;
			buildConfigurationList = F0CB64BB274B8D0200B2BB50 /* Build configuration list for PBXNativeTarget "AgainProject" */;
			buildPhases = (
				08EE84C96041B598B181151B /* [CP] Check Pods Manifest.lock */,
				F0CB64A3274B8D0100B2BB50 /* Sources */,
				F0CB64A4274B8D0100B2BB50 /* Frameworks */,
				F0CB64A5274B8D0100B2BB50 /* Resources */,
				CF5AB162A630746E62660A1D /* [CP] Embed Pods Frameworks */,
			);
			buildRules = (
			);
			dependencies = (
			);
			name = AgainProject;
			productName = AgainProject;
			productReference = F0CB64A7274B8D0100B2BB50 /* AgainProject.app */;
			productType = "com.apple.product-type.application";
		};
/* End PBXNativeTarget section */

/* Begin PBXProject section */
		F0CB649F274B8D0100B2BB50 /* Project object */ = {
			isa = PBXProject;
			attributes = {
				BuildIndependentTargetsInParallel = 1;
				LastSwiftUpdateCheck = 1310;
				LastUpgradeCheck = 1310;
				TargetAttributes = {
					F0CB64A6274B8D0100B2BB50 = {
						CreatedOnToolsVersion = 13.1;
					};
				};
			};
			buildConfigurationList = F0CB64A2274B8D0100B2BB50 /* Build configuration list for PBXProject "AgainProject" */;
			compatibilityVersion = "Xcode 12.0";
			developmentRegion = en;
			hasScannedForEncodings = 0;
			knownRegions = (
				en,
				Base,
			);
			mainGroup = F0CB649E274B8D0100B2BB50;
			productRefGroup = F0CB64A8274B8D0100B2BB50 /* Products */;
			projectDirPath = "";
			projectRoot = "";
			targets = (
				F0CB64A6274B8D0100B2BB50 /* AgainProject */,
			);
		};
/* End PBXProject section */

/* Begin PBXResourcesBuildPhase section */
		F0CB64A5274B8D0100B2BB50 /* Resources */ = {
			isa = PBXResourcesBuildPhase;
			buildActionMask = 2147483647;
			files = (
				F0CB64B7274B8D0200B2BB50 /* LaunchScreen.storyboard in Resources */,
				F0CB64B4274B8D0200B2BB50 /* Assets.xcassets in Resources */,
				F0CB64B2274B8D0100B2BB50 /* Main.storyboard in Resources */,
			);
			runOnlyForDeploymentPostprocessing = 0;
		};
/* End PBXResourcesBuildPhase section */

/* Begin PBXShellScriptBuildPhase section */
		08EE84C96041B598B181151B /* [CP] Check Pods Manifest.lock */ = {
			isa = PBXShellScriptBuildPhase;
			buildActionMask = 2147483647;
			files = (
			);
			inputFileListPaths = (
			);
			inputPaths = (
				"${PODS_PODFILE_DIR_PATH}/Podfile.lock",
				"${PODS_ROOT}/Manifest.lock",
			);
			name = "[CP] Check Pods Manifest.lock";
			outputFileListPaths = (
			);
			outputPaths = (
				"$(DERIVED_FILE_DIR)/Pods-AgainProject-checkManifestLockResult.txt",
			);
			runOnlyForDeploymentPostprocessing = 0;
			shellPath = /bin/sh;
			shellScript = "diff \"${PODS_PODFILE_DIR_PATH}/Podfile.lock\" \"${PODS_ROOT}/Manifest.lock\" > /dev/null\nif [ $? != 0 ] ; then\n    # print error to STDERR\n    echo \"error: The sandbox is not in sync with the Podfile.lock. Run 'pod install' or update your CocoaPods installation.\" >&2\n    exit 1\nfi\n# This output is used by Xcode 'outputs' to avoid re-running this script phase.\necho \"SUCCESS\" > \"${SCRIPT_OUTPUT_FILE_0}\"\n";
			showEnvVarsInLog = 0;
		};
		CF5AB162A630746E62660A1D /* [CP] Embed Pods Frameworks */ = {
			isa = PBXShellScriptBuildPhase;
			buildActionMask = 2147483647;
			files = (
			);
			inputFileListPaths = (
				"${PODS_ROOT}/Target Support Files/Pods-AgainProject/Pods-AgainProject-frameworks-${CONFIGURATION}-input-files.xcfilelist",
			);
			name = "[CP] Embed Pods Frameworks";
			outputFileListPaths = (
				"${PODS_ROOT}/Target Support Files/Pods-AgainProject/Pods-AgainProject-frameworks-${CONFIGURATION}-output-files.xcfilelist",
			);
			runOnlyForDeploymentPostprocessing = 0;
			shellPath = /bin/sh;
			shellScript = "\"${PODS_ROOT}/Target Support Files/Pods-AgainProject/Pods-AgainProject-frameworks.sh\"\n";
			showEnvVarsInLog = 0;
		};
/* End PBXShellScriptBuildPhase section */

/* Begin PBXSourcesBuildPhase section */
		F0CB64A3274B8D0100B2BB50 /* Sources */ = {
			isa = PBXSourcesBuildPhase;
			buildActionMask = 2147483647;
			files = (
				F0CB64AF274B8D0100B2BB50 /* ViewController.swift in Sources */,
				F0CB64AB274B8D0100B2BB50 /* AppDelegate.swift in Sources */,
				F0CB64AD274B8D0100B2BB50 /* SceneDelegate.swift in Sources */,
			);
			runOnlyForDeploymentPostprocessing = 0;
		};
/* End PBXSourcesBuildPhase section */

/* Begin PBXVariantGroup section */
		F0CB64B0274B8D0100B2BB50 /* Main.storyboard */ = {
			isa = PBXVariantGroup;
			children = (
				F0CB64B1274B8D0100B2BB50 /* Base */,
			);
			name = Main.storyboard;
			sourceTree = "<group>";
		};
		F0CB64B5274B8D0200B2BB50 /* LaunchScreen.storyboard */ = {
			isa = PBXVariantGroup;
			children = (
				F0CB64B6274B8D0200B2BB50 /* Base */,
			);
			name = LaunchScreen.storyboard;
			sourceTree = "<group>";
		};
/* End PBXVariantGroup section */

/* Begin XCBuildConfiguration section */
		F0CB64B9274B8D0200B2BB50 /* Debug */ = {
			isa = XCBuildConfiguration;
			buildSettings = {
				ALWAYS_SEARCH_USER_PATHS = NO;
				CLANG_ANALYZER_NONNULL = YES;
				CLANG_ANALYZER_NUMBER_OBJECT_CONVERSION = YES_AGGRESSIVE;
				CLANG_CXX_LANGUAGE_STANDARD = "gnu++17";
				CLANG_CXX_LIBRARY = "libc++";
				CLANG_ENABLE_MODULES = YES;
				CLANG_ENABLE_OBJC_ARC = YES;
				CLANG_ENABLE_OBJC_WEAK = YES;
				CLANG_WARN_BLOCK_CAPTURE_AUTORELEASING = YES;
				CLANG_WARN_BOOL_CONVERSION = YES;
				CLANG_WARN_COMMA = YES;
				CLANG_WARN_CONSTANT_CONVERSION = YES;
				CLANG_WARN_DEPRECATED_OBJC_IMPLEMENTATIONS = YES;
				CLANG_WARN_DIRECT_OBJC_ISA_USAGE = YES_ERROR;
				CLANG_WARN_DOCUMENTATION_COMMENTS = YES;
				CLANG_WARN_EMPTY_BODY = YES;
				CLANG_WARN_ENUM_CONVERSION = YES;
				CLANG_WARN_INFINITE_RECURSION = YES;
				CLANG_WARN_INT_CONVERSION = YES;
				CLANG_WARN_NON_LITERAL_NULL_CONVERSION = YES;
				CLANG_WARN_OBJC_IMPLICIT_RETAIN_SELF = YES;
				CLANG_WARN_OBJC_LITERAL_CONVERSION = YES;
				CLANG_WARN_OBJC_ROOT_CLASS = YES_ERROR;
				CLANG_WARN_QUOTED_INCLUDE_IN_FRAMEWORK_HEADER = YES;
				CLANG_WARN_RANGE_LOOP_ANALYSIS = YES;
				CLANG_WARN_STRICT_PROTOTYPES = YES;
				CLANG_WARN_SUSPICIOUS_MOVE = YES;
				CLANG_WARN_UNGUARDED_AVAILABILITY = YES_AGGRESSIVE;
				CLANG_WARN_UNREACHABLE_CODE = YES;
				CLANG_WARN__DUPLICATE_METHOD_MATCH = YES;
				COPY_PHASE_STRIP = NO;
				DEBUG_INFORMATION_FORMAT = dwarf;
				ENABLE_STRICT_OBJC_MSGSEND = YES;
				ENABLE_TESTABILITY = YES;
				GCC_C_LANGUAGE_STANDARD = gnu11;
				GCC_DYNAMIC_NO_PIC = NO;
				GCC_NO_COMMON_BLOCKS = YES;
				GCC_OPTIMIZATION_LEVEL = 0;
				GCC_PREPROCESSOR_DEFINITIONS = (
					"DEBUG=1",
					"$(inherited)",
				);
				GCC_WARN_64_TO_32_BIT_CONVERSION = YES;
				GCC_WARN_ABOUT_RETURN_TYPE = YES_ERROR;
				GCC_WARN_UNDECLARED_SELECTOR = YES;
				GCC_WARN_UNINITIALIZED_AUTOS = YES_AGGRESSIVE;
				GCC_WARN_UNUSED_FUNCTION = YES;
				GCC_WARN_UNUSED_VARIABLE = YES;
				IPHONEOS_DEPLOYMENT_TARGET = 12.0;
				MTL_ENABLE_DEBUG_INFO = INCLUDE_SOURCE;
				MTL_FAST_MATH = YES;
				ONLY_ACTIVE_ARCH = YES;
				SDKROOT = iphoneos;
				SWIFT_ACTIVE_COMPILATION_CONDITIONS = DEBUG;
				SWIFT_OPTIMIZATION_LEVEL = "-Onone";
			};
			name = Debug;
		};
		F0CB64BA274B8D0200B2BB50 /* Release */ = {
			isa = XCBuildConfiguration;
			buildSettings = {
				ALWAYS_SEARCH_USER_PATHS = NO;
				CLANG_ANALYZER_NONNULL = YES;
				CLANG_ANALYZER_NUMBER_OBJECT_CONVERSION = YES_AGGRESSIVE;
				CLANG_CXX_LANGUAGE_STANDARD = "gnu++17";
				CLANG_CXX_LIBRARY = "libc++";
				CLANG_ENABLE_MODULES = YES;
				CLANG_ENABLE_OBJC_ARC = YES;
				CLANG_ENABLE_OBJC_WEAK = YES;
				CLANG_WARN_BLOCK_CAPTURE_AUTORELEASING = YES;
				CLANG_WARN_BOOL_CONVERSION = YES;
				CLANG_WARN_COMMA = YES;
				CLANG_WARN_CONSTANT_CONVERSION = YES;
				CLANG_WARN_DEPRECATED_OBJC_IMPLEMENTATIONS = YES;
				CLANG_WARN_DIRECT_OBJC_ISA_USAGE = YES_ERROR;
				CLANG_WARN_DOCUMENTATION_COMMENTS = YES;
				CLANG_WARN_EMPTY_BODY = YES;
				CLANG_WARN_ENUM_CONVERSION = YES;
				CLANG_WARN_INFINITE_RECURSION = YES;
				CLANG_WARN_INT_CONVERSION = YES;
				CLANG_WARN_NON_LITERAL_NULL_CONVERSION = YES;
				CLANG_WARN_OBJC_IMPLICIT_RETAIN_SELF = YES;
				CLANG_WARN_OBJC_LITERAL_CONVERSION = YES;
				CLANG_WARN_OBJC_ROOT_CLASS = YES_ERROR;
				CLANG_WARN_QUOTED_INCLUDE_IN_FRAMEWORK_HEADER = YES;
				CLANG_WARN_RANGE_LOOP_ANALYSIS = YES;
				CLANG_WARN_STRICT_PROTOTYPES = YES;
				CLANG_WARN_SUSPICIOUS_MOVE = YES;
				CLANG_WARN_UNGUARDED_AVAILABILITY = YES_AGGRESSIVE;
				CLANG_WARN_UNREACHABLE_CODE = YES;
				CLANG_WARN__DUPLICATE_METHOD_MATCH = YES;
				COPY_PHASE_STRIP = NO;
				DEBUG_INFORMATION_FORMAT = "dwarf-with-dsym";
				ENABLE_NS_ASSERTIONS = NO;
				ENABLE_STRICT_OBJC_MSGSEND = YES;
				GCC_C_LANGUAGE_STANDARD = gnu11;
				GCC_NO_COMMON_BLOCKS = YES;
				GCC_WARN_64_TO_32_BIT_CONVERSION = YES;
				GCC_WARN_ABOUT_RETURN_TYPE = YES_ERROR;
				GCC_WARN_UNDECLARED_SELECTOR = YES;
				GCC_WARN_UNINITIALIZED_AUTOS = YES_AGGRESSIVE;
				GCC_WARN_UNUSED_FUNCTION = YES;
				GCC_WARN_UNUSED_VARIABLE = YES;
				IPHONEOS_DEPLOYMENT_TARGET = 12.0;
				MTL_ENABLE_DEBUG_INFO = NO;
				MTL_FAST_MATH = YES;
				SDKROOT = iphoneos;
				SWIFT_COMPILATION_MODE = wholemodule;
				SWIFT_OPTIMIZATION_LEVEL = "-O";
				VALIDATE_PRODUCT = YES;
			};
			name = Release;
		};
		F0CB64BC274B8D0200B2BB50 /* Debug */ = {
			isa = XCBuildConfiguration;
			baseConfigurationReference = B88FA5E3EF83B106EA1ED2E7 /* Pods-AgainProject.debug.xcconfig */;
			buildSettings = {
				ASSETCATALOG_COMPILER_APPICON_NAME = AppIcon;
				ASSETCATALOG_COMPILER_GLOBAL_ACCENT_COLOR_NAME = AccentColor;
				CODE_SIGN_STYLE = Automatic;
				CURRENT_PROJECT_VERSION = 1;
				DEVELOPMENT_TEAM = GMR56APYPM;
				GENERATE_INFOPLIST_FILE = YES;
				INFOPLIST_FILE = AgainProject/Info.plist;
				INFOPLIST_KEY_UIApplicationSupportsIndirectInputEvents = YES;
				INFOPLIST_KEY_UILaunchStoryboardName = LaunchScreen;
				INFOPLIST_KEY_UIMainStoryboardFile = Main;
				INFOPLIST_KEY_UISupportedInterfaceOrientations_iPad = "UIInterfaceOrientationPortrait UIInterfaceOrientationPortraitUpsideDown UIInterfaceOrientationLandscapeLeft UIInterfaceOrientationLandscapeRight";
				INFOPLIST_KEY_UISupportedInterfaceOrientations_iPhone = "UIInterfaceOrientationPortrait UIInterfaceOrientationLandscapeLeft UIInterfaceOrientationLandscapeRight";
				LD_RUNPATH_SEARCH_PATHS = (
					"$(inherited)",
					"@executable_path/Frameworks",
				);
				MARKETING_VERSION = 1.0;
				PRODUCT_BUNDLE_IDENTIFIER = com.kkd.AgainProject;
				PRODUCT_NAME = "$(TARGET_NAME)";
				SWIFT_EMIT_LOC_STRINGS = YES;
				SWIFT_VERSION = 5.0;
				TARGETED_DEVICE_FAMILY = "1,2";
			};
			name = Debug;
		};
		F0CB64BD274B8D0200B2BB50 /* Release */ = {
			isa = XCBuildConfiguration;
			baseConfigurationReference = 8AEF966238877D59C4DA8995 /* Pods-AgainProject.release.xcconfig */;
			buildSettings = {
				ASSETCATALOG_COMPILER_APPICON_NAME = AppIcon;
				ASSETCATALOG_COMPILER_GLOBAL_ACCENT_COLOR_NAME = AccentColor;
				CODE_SIGN_STYLE = Automatic;
				CURRENT_PROJECT_VERSION = 1;
				DEVELOPMENT_TEAM = GMR56APYPM;
				GENERATE_INFOPLIST_FILE = YES;
				INFOPLIST_FILE = AgainProject/Info.plist;
				INFOPLIST_KEY_UIApplicationSupportsIndirectInputEvents = YES;
				INFOPLIST_KEY_UILaunchStoryboardName = LaunchScreen;
				INFOPLIST_KEY_UIMainStoryboardFile = Main;
				INFOPLIST_KEY_UISupportedInterfaceOrientations_iPad = "UIInterfaceOrientationPortrait UIInterfaceOrientationPortraitUpsideDown UIInterfaceOrientationLandscapeLeft UIInterfaceOrientationLandscapeRight";
				INFOPLIST_KEY_UISupportedInterfaceOrientations_iPhone = "UIInterfaceOrientationPortrait UIInterfaceOrientationLandscapeLeft UIInterfaceOrientationLandscapeRight";
				LD_RUNPATH_SEARCH_PATHS = (
					"$(inherited)",
					"@executable_path/Frameworks",
				);
				MARKETING_VERSION = 1.0;
				PRODUCT_BUNDLE_IDENTIFIER = com.kkd.AgainProject;
				PRODUCT_NAME = "$(TARGET_NAME)";
				SWIFT_EMIT_LOC_STRINGS = YES;
				SWIFT_VERSION = 5.0;
				TARGETED_DEVICE_FAMILY = "1,2";
			};
			name = Release;
		};
/* End XCBuildConfiguration section */

/* Begin XCConfigurationList section */
		F0CB64A2274B8D0100B2BB50 /* Build configuration list for PBXProject "AgainProject" */ = {
			isa = XCConfigurationList;
			buildConfigurations = (
				F0CB64B9274B8D0200B2BB50 /* Debug */,
				F0CB64BA274B8D0200B2BB50 /* Release */,
			);
			defaultConfigurationIsVisible = 0;
			defaultConfigurationName = Release;
		};
		F0CB64BB274B8D0200B2BB50 /* Build configuration list for PBXNativeTarget "AgainProject" */ = {
			isa = XCConfigurationList;
			buildConfigurations = (
				F0CB64BC274B8D0200B2BB50 /* Debug */,
				F0CB64BD274B8D0200B2BB50 /* Release */,
			);
			defaultConfigurationIsVisible = 0;
			defaultConfigurationName = Release;
		};
/* End XCConfigurationList section */
	};
	rootObject = F0CB649F274B8D0100B2BB50 /* Project object */;
}
